
Microsoft Visual Studio Solution File, Format Version 12.00
# Visual Studio Version 16
VisualStudioVersion = 16.0.31112.23
MinimumVisualStudioVersion = 10.0.40219.1
Project("{FAE04EC0-301F-11D3-BF4B-00C04F79EFBC}") = "englishkids_APP", "englishkids_APP\englishkids_APP.csproj", "{85AF2112-2AC4-4D39-A6B1-5885E4EC575C}"
EndProject
Global
	GlobalSection(SolutionConfigurationPlatforms) = preSolution
		Debug|Any CPU = Debug|Any CPU
		Release|Any CPU = Release|Any CPU
	EndGlobalSection
	GlobalSection(ProjectConfigurationPlatforms) = postSolution
		{85AF2112-2AC4-4D39-A6B1-5885E4EC575C}.Debug|Any CPU.ActiveCfg = Debug|Any CPU
		{85AF2112-2AC4-4D39-A6B1-5885E4EC575C}.Debug|Any CPU.Build.0 = Debug|Any CPU
		{85AF2112-2AC4-4D39-A6B1-5885E4EC575C}.Release|Any CPU.ActiveCfg = Release|Any CPU
		{85AF2112-2AC4-4D39-A6B1-5885E4EC575C}.Release|Any CPU.Build.0 = Release|Any CPU
	EndGlobalSection
	GlobalSection(SolutionProperties) = preSolution
		HideSolutionNode = FALSE
	EndGlobalSection
	GlobalSection(ExtensibilityGlobals) = postSolution
		SolutionGuid = {5A668A48-3A33-4A4A-BB13-D0F328E74723}
	EndGlobalSection
EndGlobal
